
Microsoft Visual Studio Solution File, Format Version 12.00
# Visual Studio Version 17
VisualStudioVersion = 17.4.33213.308
MinimumVisualStudioVersion = 10.0.40219.1
Project("{9A19103F-16F7-4668-BE54-9A1E7A4F7556}") = "EventApi", "EventApi\EventApi.csproj", "{38FEB7BD-3CC3-4F06-B065-71C56C45265B}"
EndProject
Global
	GlobalSection(SolutionConfigurationPlatforms) = preSolution
		Debug|Any CPU = Debug|Any CPU
		Release|Any CPU = Release|Any CPU
	EndGlobalSection
	GlobalSection(ProjectConfigurationPlatforms) = postSolution
		{38FEB7BD-3CC3-4F06-B065-71C56C45265B}.Debug|Any CPU.ActiveCfg = Debug|Any CPU
		{38FEB7BD-3CC3-4F06-B065-71C56C45265B}.Debug|Any CPU.Build.0 = Debug|Any CPU
		{38FEB7BD-3CC3-4F06-B065-71C56C45265B}.Release|Any CPU.ActiveCfg = Release|Any CPU
		{38FEB7BD-3CC3-4F06-B065-71C56C45265B}.Release|Any CPU.Build.0 = Release|Any CPU
	EndGlobalSection
	GlobalSection(SolutionProperties) = preSolution
		HideSolutionNode = FALSE
	EndGlobalSection
	GlobalSection(ExtensibilityGlobals) = postSolution
		SolutionGuid = {5F4E8C02-DDFD-46C9-B597-96DB61D6797B}
	EndGlobalSection
EndGlobal
